<Solution>
  <Folder Name="/Infrastructure/">
    <Project Path="Infrastructure/Infrastructure.Logger/Infrastructure.Logger.csproj" />
  </Folder>
  <Folder Name="/Services/" />
  <Folder Name="/Services/User/">
    <Project Path="Services/User/User.Api/User.Api.csproj" />
    <Project Path="Services/User/User.Application/User.Application.csproj" />
    <Project Path="Services/User/User.Domain/User.Domain.csproj" />
    <Project Path="Services/User/User.Infrastructure/User.Infrastructure.csproj" />
  </Folder>
  <Project Path="Shared/Shared.csproj" />
</Solution>
